
Microsoft Visual Studio Solution File, Format Version 12.00
Project("{FAE04EC0-301F-11D3-BF4B-00C04F79EFBC}") = "ExpenseManagement.API", "ExpenseManagement.API\ExpenseManagement.API.csproj", "{529A6648-F77B-4A46-8867-10895BFAC512}"
EndProject
Project("{FAE04EC0-301F-11D3-BF4B-00C04F79EFBC}") = "ExpenseManagement.Domain", "ExpenseManagement.Domain\ExpenseManagement.Domain.csproj", "{B1556CFA-C405-4A9E-87E2-74B79B47E5EC}"
EndProject
Project("{FAE04EC0-301F-11D3-BF4B-00C04F79EFBC}") = "ExpenseManagement.Repository", "ExpenseManagement.Repository\ExpenseManagement.Repository.csproj", "{7BDA2B9E-FC9F-4B00-A6A7-082A69C41FC4}"
EndProject
Project("{FAE04EC0-301F-11D3-BF4B-00C04F79EFBC}") = "ExpenseManagement.Shared", "ExpenseManagement.Shared\ExpenseManagement.Shared.csproj", "{237C321B-CA36-4CCA-80FF-962A7265AF89}"
EndProject
Project("{FAE04EC0-301F-11D3-BF4B-00C04F79EFBC}") = "ExpenseManagement.Presentation", "ExpenseManagement.Presentation\ExpenseManagement.Presentation.csproj", "{F2CFC9A7-A610-4F16-B08E-BA2056771B47}"
EndProject
Global
	GlobalSection(SolutionConfigurationPlatforms) = preSolution
		Debug|Any CPU = Debug|Any CPU
		Release|Any CPU = Release|Any CPU
	EndGlobalSection
	GlobalSection(ProjectConfigurationPlatforms) = postSolution
		{529A6648-F77B-4A46-8867-10895BFAC512}.Debug|Any CPU.ActiveCfg = Debug|Any CPU
		{529A6648-F77B-4A46-8867-10895BFAC512}.Debug|Any CPU.Build.0 = Debug|Any CPU
		{529A6648-F77B-4A46-8867-10895BFAC512}.Release|Any CPU.ActiveCfg = Release|Any CPU
		{529A6648-F77B-4A46-8867-10895BFAC512}.Release|Any CPU.Build.0 = Release|Any CPU
		{B1556CFA-C405-4A9E-87E2-74B79B47E5EC}.Debug|Any CPU.ActiveCfg = Debug|Any CPU
		{B1556CFA-C405-4A9E-87E2-74B79B47E5EC}.Debug|Any CPU.Build.0 = Debug|Any CPU
		{B1556CFA-C405-4A9E-87E2-74B79B47E5EC}.Release|Any CPU.ActiveCfg = Release|Any CPU
		{B1556CFA-C405-4A9E-87E2-74B79B47E5EC}.Release|Any CPU.Build.0 = Release|Any CPU
		{7BDA2B9E-FC9F-4B00-A6A7-082A69C41FC4}.Debug|Any CPU.ActiveCfg = Debug|Any CPU
		{7BDA2B9E-FC9F-4B00-A6A7-082A69C41FC4}.Debug|Any CPU.Build.0 = Debug|Any CPU
		{7BDA2B9E-FC9F-4B00-A6A7-082A69C41FC4}.Release|Any CPU.ActiveCfg = Release|Any CPU
		{7BDA2B9E-FC9F-4B00-A6A7-082A69C41FC4}.Release|Any CPU.Build.0 = Release|Any CPU
		{237C321B-CA36-4CCA-80FF-962A7265AF89}.Debug|Any CPU.ActiveCfg = Debug|Any CPU
		{237C321B-CA36-4CCA-80FF-962A7265AF89}.Debug|Any CPU.Build.0 = Debug|Any CPU
		{237C321B-CA36-4CCA-80FF-962A7265AF89}.Release|Any CPU.ActiveCfg = Release|Any CPU
		{237C321B-CA36-4CCA-80FF-962A7265AF89}.Release|Any CPU.Build.0 = Release|Any CPU
		{F2CFC9A7-A610-4F16-B08E-BA2056771B47}.Debug|Any CPU.ActiveCfg = Debug|Any CPU
		{F2CFC9A7-A610-4F16-B08E-BA2056771B47}.Debug|Any CPU.Build.0 = Debug|Any CPU
		{F2CFC9A7-A610-4F16-B08E-BA2056771B47}.Release|Any CPU.ActiveCfg = Release|Any CPU
		{F2CFC9A7-A610-4F16-B08E-BA2056771B47}.Release|Any CPU.Build.0 = Release|Any CPU
	EndGlobalSection
EndGlobal
