
Microsoft Visual Studio Solution File, Format Version 12.00
Project("{FAE04EC0-301F-11D3-BF4B-00C04F79EFBC}") = "ExpenseManagement.API", "ExpenseManagement.API\ExpenseManagement.API.csproj", "{529A6648-F77B-4A46-8867-10895BFAC512}"
EndProject
Project("{FAE04EC0-301F-11D3-BF4B-00C04F79EFBC}") = "ExpenseManagement.Domain", "ExpenseManagement.Domain\ExpenseManagement.Domain.csproj", "{B1556CFA-C405-4A9E-87E2-74B79B47E5EC}"
EndProject
Global
	GlobalSection(SolutionConfigurationPlatforms) = preSolution
		Debug|Any CPU = Debug|Any CPU
		Release|Any CPU = Release|Any CPU
	EndGlobalSection
	GlobalSection(ProjectConfigurationPlatforms) = postSolution
		{529A6648-F77B-4A46-8867-10895BFAC512}.Debug|Any CPU.ActiveCfg = Debug|Any CPU
		{529A6648-F77B-4A46-8867-10895BFAC512}.Debug|Any CPU.Build.0 = Debug|Any CPU
		{529A6648-F77B-4A46-8867-10895BFAC512}.Release|Any CPU.ActiveCfg = Release|Any CPU
		{529A6648-F77B-4A46-8867-10895BFAC512}.Release|Any CPU.Build.0 = Release|Any CPU
		{B1556CFA-C405-4A9E-87E2-74B79B47E5EC}.Debug|Any CPU.ActiveCfg = Debug|Any CPU
		{B1556CFA-C405-4A9E-87E2-74B79B47E5EC}.Debug|Any CPU.Build.0 = Debug|Any CPU
		{B1556CFA-C405-4A9E-87E2-74B79B47E5EC}.Release|Any CPU.ActiveCfg = Release|Any CPU
		{B1556CFA-C405-4A9E-87E2-74B79B47E5EC}.Release|Any CPU.Build.0 = Release|Any CPU
	EndGlobalSection
EndGlobal
